
Microsoft Visual Studio Solution File, Format Version 12.00
# Visual Studio Version 17
VisualStudioVersion = 17.5.33516.290
MinimumVisualStudioVersion = 10.0.40219.1
Project("{8BC9CEB8-8B4A-11D0-8D11-00A0C91BC942}") = "testOpencvImgproc", "testOpencvImgproc.vcxproj", "{37CEE33B-41B9-4EC2-92F7-9E1CCB70B4BD}"
EndProject
Global
	GlobalSection(SolutionConfigurationPlatforms) = preSolution
		Debug|x64 = Debug|x64
		Debug|x86 = Debug|x86
		Release|x64 = Release|x64
		Release|x86 = Release|x86
	EndGlobalSection
	GlobalSection(ProjectConfigurationPlatforms) = postSolution
		{37CEE33B-41B9-4EC2-92F7-9E1CCB70B4BD}.Debug|x64.ActiveCfg = Debug|x64
		{37CEE33B-41B9-4EC2-92F7-9E1CCB70B4BD}.Debug|x64.Build.0 = Debug|x64
		{37CEE33B-41B9-4EC2-92F7-9E1CCB70B4BD}.Debug|x86.ActiveCfg = Debug|Win32
		{37CEE33B-41B9-4EC2-92F7-9E1CCB70B4BD}.Debug|x86.Build.0 = Debug|Win32
		{37CEE33B-41B9-4EC2-92F7-9E1CCB70B4BD}.Release|x64.ActiveCfg = Release|x64
		{37CEE33B-41B9-4EC2-92F7-9E1CCB70B4BD}.Release|x64.Build.0 = Release|x64
		{37CEE33B-41B9-4EC2-92F7-9E1CCB70B4BD}.Release|x86.ActiveCfg = Release|Win32
		{37CEE33B-41B9-4EC2-92F7-9E1CCB70B4BD}.Release|x86.Build.0 = Release|Win32
	EndGlobalSection
	GlobalSection(SolutionProperties) = preSolution
		HideSolutionNode = FALSE
	EndGlobalSection
	GlobalSection(ExtensibilityGlobals) = postSolution
		SolutionGuid = {C0194AA3-635E-43A1-92E0-39C067213647}
	EndGlobalSection
EndGlobal
